// !$*UTF8*$!
{
	archiveVersion = 1;
	classes = {
	};
	objectVersion = 55;
	objects = {

/* Begin PBXBuildFile section */
		21656A9428804A8100BFBBC4 /* ClarkeEngineeringApp.swift in Sources */ = {isa = PBXBuildFile; fileRef = 21656A9328804A8100BFBBC4 /* ClarkeEngineeringApp.swift */; };
		21656A9828804A8300BFBBC4 /* Assets.xcassets in Resources */ = {isa = PBXBuildFile; fileRef = 21656A9728804A8300BFBBC4 /* Assets.xcassets */; };
		21656A9B28804A8300BFBBC4 /* Preview Assets.xcassets in Resources */ = {isa = PBXBuildFile; fileRef = 21656A9A28804A8300BFBBC4 /* Preview Assets.xcassets */; };
		219321D228B083B400849E9C /* DashboardContentView.swift in Sources */ = {isa = PBXBuildFile; fileRef = 219321D128B083B400849E9C /* DashboardContentView.swift */; };
		219321D928B0844900849E9C /* GeneralTabView.swift in Sources */ = {isa = PBXBuildFile; fileRef = 219321D828B0844900849E9C /* GeneralTabView.swift */; };
		219321DB28B0847000849E9C /* AnchorTabView.swift in Sources */ = {isa = PBXBuildFile; fileRef = 219321DA28B0847000849E9C /* AnchorTabView.swift */; };
		219321DD28B0849300849E9C /* DoneTabView.swift in Sources */ = {isa = PBXBuildFile; fileRef = 219321DC28B0849300849E9C /* DoneTabView.swift */; };
		219321E628B0852E00849E9C /* CommentTabView.swift in Sources */ = {isa = PBXBuildFile; fileRef = 219321E528B0852E00849E9C /* CommentTabView.swift */; };
		219321E828B0855A00849E9C /* AddTabView.swift in Sources */ = {isa = PBXBuildFile; fileRef = 219321E728B0855A00849E9C /* AddTabView.swift */; };
		219321EC28B085BB00849E9C /* PDFManager.swift in Sources */ = {isa = PBXBuildFile; fileRef = 219321EB28B085BB00849E9C /* PDFManager.swift */; };
		219321F328B0863100849E9C /* UserInfo.swift in Sources */ = {isa = PBXBuildFile; fileRef = 219321F228B0863100849E9C /* UserInfo.swift */; };
		219321F528B0865200849E9C /* WorkExperience.swift in Sources */ = {isa = PBXBuildFile; fileRef = 219321F428B0865200849E9C /* WorkExperience.swift */; };
		2193220428B0875000849E9C /* CustomTextField.swift in Sources */ = {isa = PBXBuildFile; fileRef = 2193220328B0875000849E9C /* CustomTextField.swift */; };
		21C5BA4929E39A9D00F1B3CD /* Clarke_Logo.jpg in Resources */ = {isa = PBXBuildFile; fileRef = 21C5BA4829E39A9D00F1B3CD /* Clarke_Logo.jpg */; };
/* End PBXBuildFile section */

/* Begin PBXFileReference section */
		21656A9028804A8100BFBBC4 /* ClarkeEngineering.app */ = {isa = PBXFileReference; explicitFileType = wrapper.application; includeInIndex = 0; path = ClarkeEngineering.app; sourceTree = BUILT_PRODUCTS_DIR; };
		21656A9328804A8100BFBBC4 /* ClarkeEngineeringApp.swift */ = {isa = PBXFileReference; lastKnownFileType = sourcecode.swift; path = ClarkeEngineeringApp.swift; sourceTree = "<group>"; };
		21656A9728804A8300BFBBC4 /* Assets.xcassets */ = {isa = PBXFileReference; lastKnownFileType = folder.assetcatalog; path = Assets.xcassets; sourceTree = "<group>"; };
		21656A9A28804A8300BFBBC4 /* Preview Assets.xcassets */ = {isa = PBXFileReference; lastKnownFileType = folder.assetcatalog; path = "Preview Assets.xcassets"; sourceTree = "<group>"; };
		219321D128B083B400849E9C /* DashboardContentView.swift */ = {isa = PBXFileReference; lastKnownFileType = sourcecode.swift; path = DashboardContentView.swift; sourceTree = "<group>"; };
		219321D828B0844900849E9C /* GeneralTabView.swift */ = {isa = PBXFileReference; lastKnownFileType = sourcecode.swift; path = GeneralTabView.swift; sourceTree = "<group>"; };
		219321DA28B0847000849E9C /* AnchorTabView.swift */ = {isa = PBXFileReference; lastKnownFileType = sourcecode.swift; path = AnchorTabView.swift; sourceTree = "<group>"; };
		219321DC28B0849300849E9C /* DoneTabView.swift */ = {isa = PBXFileReference; lastKnownFileType = sourcecode.swift; path = DoneTabView.swift; sourceTree = "<group>"; };
		219321E528B0852E00849E9C /* CommentTabView.swift */ = {isa = PBXFileReference; lastKnownFileType = sourcecode.swift; path = CommentTabView.swift; sourceTree = "<group>"; };
		219321E728B0855A00849E9C /* AddTabView.swift */ = {isa = PBXFileReference; lastKnownFileType = sourcecode.swift; path = AddTabView.swift; sourceTree = "<group>"; };
		219321EB28B085BB00849E9C /* PDFManager.swift */ = {isa = PBXFileReference; lastKnownFileType = sourcecode.swift; path = PDFManager.swift; sourceTree = "<group>"; };
		219321F228B0863100849E9C /* UserInfo.swift */ = {isa = PBXFileReference; lastKnownFileType = sourcecode.swift; path = UserInfo.swift; sourceTree = "<group>"; };
		219321F428B0865200849E9C /* WorkExperience.swift */ = {isa = PBXFileReference; lastKnownFileType = sourcecode.swift; path = WorkExperience.swift; sourceTree = "<group>"; };
		2193220328B0875000849E9C /* CustomTextField.swift */ = {isa = PBXFileReference; lastKnownFileType = sourcecode.swift; path = CustomTextField.swift; sourceTree = "<group>"; };
		21C5BA4829E39A9D00F1B3CD /* Clarke_Logo.jpg */ = {isa = PBXFileReference; lastKnownFileType = image.jpeg; path = Clarke_Logo.jpg; sourceTree = "<group>"; };
		21D0D97529B52709001B35F8 /* Info.plist */ = {isa = PBXFileReference; lastKnownFileType = text.plist; path = Info.plist; sourceTree = "<group>"; };
/* End PBXFileReference section */

/* Begin PBXFrameworksBuildPhase section */
		21656A8D28804A8100BFBBC4 /* Frameworks */ = {
			isa = PBXFrameworksBuildPhase;
			buildActionMask = 2147483647;
			files = (
			);
			runOnlyForDeploymentPostprocessing = 0;
		};
/* End PBXFrameworksBuildPhase section */

/* Begin PBXGroup section */
		21656A8728804A8100BFBBC4 = {
			isa = PBXGroup;
			children = (
				21656A9228804A8100BFBBC4 /* ClarkeEngineering */,
				21656A9128804A8100BFBBC4 /* Products */,
			);
			sourceTree = "<group>";
		};
		21656A9128804A8100BFBBC4 /* Products */ = {
			isa = PBXGroup;
			children = (
				21656A9028804A8100BFBBC4 /* ClarkeEngineering.app */,
			);
			name = Products;
			sourceTree = "<group>";
		};
		21656A9228804A8100BFBBC4 /* ClarkeEngineering */ = {
			isa = PBXGroup;
			children = (
				21D0D97529B52709001B35F8 /* Info.plist */,
				21C5BA4829E39A9D00F1B3CD /* Clarke_Logo.jpg */,
				21656A9328804A8100BFBBC4 /* ClarkeEngineeringApp.swift */,
				219321D728B0843000849E9C /* Tabs */,
				219321D128B083B400849E9C /* DashboardContentView.swift */,
				219321EB28B085BB00849E9C /* PDFManager.swift */,
				2193220328B0875000849E9C /* CustomTextField.swift */,
				219321F228B0863100849E9C /* UserInfo.swift */,
				219321F428B0865200849E9C /* WorkExperience.swift */,
				21656A9728804A8300BFBBC4 /* Assets.xcassets */,
				21656A9928804A8300BFBBC4 /* Preview Content */,
			);
			path = ClarkeEngineering;
			sourceTree = "<group>";
		};
		21656A9928804A8300BFBBC4 /* Preview Content */ = {
			isa = PBXGroup;
			children = (
				21656A9A28804A8300BFBBC4 /* Preview Assets.xcassets */,
			);
			path = "Preview Content";
			sourceTree = "<group>";
		};
		219321D728B0843000849E9C /* Tabs */ = {
			isa = PBXGroup;
			children = (
				219321D828B0844900849E9C /* GeneralTabView.swift */,
				219321DA28B0847000849E9C /* AnchorTabView.swift */,
				219321E728B0855A00849E9C /* AddTabView.swift */,
				219321E528B0852E00849E9C /* CommentTabView.swift */,
				219321DC28B0849300849E9C /* DoneTabView.swift */,
			);
			path = Tabs;
			sourceTree = "<group>";
		};
/* End PBXGroup section */

/* Begin PBXNativeTarget section */
		21656A8F28804A8100BFBBC4 /* ClarkeEngineering */ = {
			isa = PBXNativeTarget;
			buildConfigurationList = 21656A9E28804A8300BFBBC4 /* Build configuration list for PBXNativeTarget "ClarkeEngineering" */;
			buildPhases = (
				21656A8C28804A8100BFBBC4 /* Sources */,
				21656A8D28804A8100BFBBC4 /* Frameworks */,
				21656A8E28804A8100BFBBC4 /* Resources */,
			);
			buildRules = (
			);
			dependencies = (
			);
			name = ClarkeEngineering;
			productName = ClarkeEngineering;
			productReference = 21656A9028804A8100BFBBC4 /* ClarkeEngineering.app */;
			productType = "com.apple.product-type.application";
		};
/* End PBXNativeTarget section */

/* Begin PBXProject section */
		21656A8828804A8100BFBBC4 /* Project object */ = {
			isa = PBXProject;
			attributes = {
				BuildIndependentTargetsInParallel = 1;
				LastSwiftUpdateCheck = 1340;
				LastUpgradeCheck = 1340;
				TargetAttributes = {
					21656A8F28804A8100BFBBC4 = {
						CreatedOnToolsVersion = 13.4.1;
					};
				};
			};
			buildConfigurationList = 21656A8B28804A8100BFBBC4 /* Build configuration list for PBXProject "ClarkeEngineering" */;
			compatibilityVersion = "Xcode 13.0";
			developmentRegion = en;
			hasScannedForEncodings = 0;
			knownRegions = (
				en,
				Base,
			);
			mainGroup = 21656A8728804A8100BFBBC4;
			productRefGroup = 21656A9128804A8100BFBBC4 /* Products */;
			projectDirPath = "";
			projectRoot = "";
			targets = (
				21656A8F28804A8100BFBBC4 /* ClarkeEngineering */,
			);
		};
/* End PBXProject section */

/* Begin PBXResourcesBuildPhase section */
		21656A8E28804A8100BFBBC4 /* Resources */ = {
			isa = PBXResourcesBuildPhase;
			buildActionMask = 2147483647;
			files = (
				21656A9B28804A8300BFBBC4 /* Preview Assets.xcassets in Resources */,
				21656A9828804A8300BFBBC4 /* Assets.xcassets in Resources */,
				21C5BA4929E39A9D00F1B3CD /* Clarke_Logo.jpg in Resources */,
			);
			runOnlyForDeploymentPostprocessing = 0;
		};
/* End PBXResourcesBuildPhase section */

/* Begin PBXSourcesBuildPhase section */
		21656A8C28804A8100BFBBC4 /* Sources */ = {
			isa = PBXSourcesBuildPhase;
			buildActionMask = 2147483647;
			files = (
				219321EC28B085BB00849E9C /* PDFManager.swift in Sources */,
				219321F328B0863100849E9C /* UserInfo.swift in Sources */,
				219321E628B0852E00849E9C /* CommentTabView.swift in Sources */,
				219321F528B0865200849E9C /* WorkExperience.swift in Sources */,
				219321E828B0855A00849E9C /* AddTabView.swift in Sources */,
				219321DB28B0847000849E9C /* AnchorTabView.swift in Sources */,
				219321DD28B0849300849E9C /* DoneTabView.swift in Sources */,
				219321D928B0844900849E9C /* GeneralTabView.swift in Sources */,
				2193220428B0875000849E9C /* CustomTextField.swift in Sources */,
				219321D228B083B400849E9C /* DashboardContentView.swift in Sources */,
				21656A9428804A8100BFBBC4 /* ClarkeEngineeringApp.swift in Sources */,
			);
			runOnlyForDeploymentPostprocessing = 0;
		};
/* End PBXSourcesBuildPhase section */

/* Begin XCBuildConfiguration section */
		21656A9C28804A8300BFBBC4 /* Debug */ = {
			isa = XCBuildConfiguration;
			buildSettings = {
				ALWAYS_SEARCH_USER_PATHS = NO;
				CLANG_ANALYZER_NONNULL = YES;
				CLANG_ANALYZER_NUMBER_OBJECT_CONVERSION = YES_AGGRESSIVE;
				CLANG_CXX_LANGUAGE_STANDARD = "gnu++17";
				CLANG_ENABLE_MODULES = YES;
				CLANG_ENABLE_OBJC_ARC = YES;
				CLANG_ENABLE_OBJC_WEAK = YES;
				CLANG_WARN_BLOCK_CAPTURE_AUTORELEASING = YES;
				CLANG_WARN_BOOL_CONVERSION = YES;
				CLANG_WARN_COMMA = YES;
				CLANG_WARN_CONSTANT_CONVERSION = YES;
				CLANG_WARN_DEPRECATED_OBJC_IMPLEMENTATIONS = YES;
				CLANG_WARN_DIRECT_OBJC_ISA_USAGE = YES_ERROR;
				CLANG_WARN_DOCUMENTATION_COMMENTS = YES;
				CLANG_WARN_EMPTY_BODY = YES;
				CLANG_WARN_ENUM_CONVERSION = YES;
				CLANG_WARN_INFINITE_RECURSION = YES;
				CLANG_WARN_INT_CONVERSION = YES;
				CLANG_WARN_NON_LITERAL_NULL_CONVERSION = YES;
				CLANG_WARN_OBJC_IMPLICIT_RETAIN_SELF = YES;
				CLANG_WARN_OBJC_LITERAL_CONVERSION = YES;
				CLANG_WARN_OBJC_ROOT_CLASS = YES_ERROR;
				CLANG_WARN_QUOTED_INCLUDE_IN_FRAMEWORK_HEADER = YES;
				CLANG_WARN_RANGE_LOOP_ANALYSIS = YES;
				CLANG_WARN_STRICT_PROTOTYPES = YES;
				CLANG_WARN_SUSPICIOUS_MOVE = YES;
				CLANG_WARN_UNGUARDED_AVAILABILITY = YES_AGGRESSIVE;
				CLANG_WARN_UNREACHABLE_CODE = YES;
				CLANG_WARN__DUPLICATE_METHOD_MATCH = YES;
				COPY_PHASE_STRIP = NO;
				DEBUG_INFORMATION_FORMAT = dwarf;
				ENABLE_STRICT_OBJC_MSGSEND = YES;
				ENABLE_TESTABILITY = YES;
				GCC_C_LANGUAGE_STANDARD = gnu11;
				GCC_DYNAMIC_NO_PIC = NO;
				GCC_NO_COMMON_BLOCKS = YES;
				GCC_OPTIMIZATION_LEVEL = 0;
				GCC_PREPROCESSOR_DEFINITIONS = (
					"DEBUG=1",
					"$(inherited)",
				);
				GCC_WARN_64_TO_32_BIT_CONVERSION = YES;
				GCC_WARN_ABOUT_RETURN_TYPE = YES_ERROR;
				GCC_WARN_UNDECLARED_SELECTOR = YES;
				GCC_WARN_UNINITIALIZED_AUTOS = YES_AGGRESSIVE;
				GCC_WARN_UNUSED_FUNCTION = YES;
				GCC_WARN_UNUSED_VARIABLE = YES;
				IPHONEOS_DEPLOYMENT_TARGET = 15.5;
				MTL_ENABLE_DEBUG_INFO = INCLUDE_SOURCE;
				MTL_FAST_MATH = YES;
				ONLY_ACTIVE_ARCH = YES;
				SDKROOT = iphoneos;
				SWIFT_ACTIVE_COMPILATION_CONDITIONS = DEBUG;
				SWIFT_OPTIMIZATION_LEVEL = "-Onone";
			};
			name = Debug;
		};
		21656A9D28804A8300BFBBC4 /* Release */ = {
			isa = XCBuildConfiguration;
			buildSettings = {
				ALWAYS_SEARCH_USER_PATHS = NO;
				CLANG_ANALYZER_NONNULL = YES;
				CLANG_ANALYZER_NUMBER_OBJECT_CONVERSION = YES_AGGRESSIVE;
				CLANG_CXX_LANGUAGE_STANDARD = "gnu++17";
				CLANG_ENABLE_MODULES = YES;
				CLANG_ENABLE_OBJC_ARC = YES;
				CLANG_ENABLE_OBJC_WEAK = YES;
				CLANG_WARN_BLOCK_CAPTURE_AUTORELEASING = YES;
				CLANG_WARN_BOOL_CONVERSION = YES;
				CLANG_WARN_COMMA = YES;
				CLANG_WARN_CONSTANT_CONVERSION = YES;
				CLANG_WARN_DEPRECATED_OBJC_IMPLEMENTATIONS = YES;
				CLANG_WARN_DIRECT_OBJC_ISA_USAGE = YES_ERROR;
				CLANG_WARN_DOCUMENTATION_COMMENTS = YES;
				CLANG_WARN_EMPTY_BODY = YES;
				CLANG_WARN_ENUM_CONVERSION = YES;
				CLANG_WARN_INFINITE_RECURSION = YES;
				CLANG_WARN_INT_CONVERSION = YES;
				CLANG_WARN_NON_LITERAL_NULL_CONVERSION = YES;
				CLANG_WARN_OBJC_IMPLICIT_RETAIN_SELF = YES;
				CLANG_WARN_OBJC_LITERAL_CONVERSION = YES;
				CLANG_WARN_OBJC_ROOT_CLASS = YES_ERROR;
				CLANG_WARN_QUOTED_INCLUDE_IN_FRAMEWORK_HEADER = YES;
				CLANG_WARN_RANGE_LOOP_ANALYSIS = YES;
				CLANG_WARN_STRICT_PROTOTYPES = YES;
				CLANG_WARN_SUSPICIOUS_MOVE = YES;
				CLANG_WARN_UNGUARDED_AVAILABILITY = YES_AGGRESSIVE;
				CLANG_WARN_UNREACHABLE_CODE = YES;
				CLANG_WARN__DUPLICATE_METHOD_MATCH = YES;
				COPY_PHASE_STRIP = NO;
				DEBUG_INFORMATION_FORMAT = "dwarf-with-dsym";
				ENABLE_NS_ASSERTIONS = NO;
				ENABLE_STRICT_OBJC_MSGSEND = YES;
				GCC_C_LANGUAGE_STANDARD = gnu11;
				GCC_NO_COMMON_BLOCKS = YES;
				GCC_WARN_64_TO_32_BIT_CONVERSION = YES;
				GCC_WARN_ABOUT_RETURN_TYPE = YES_ERROR;
				GCC_WARN_UNDECLARED_SELECTOR = YES;
				GCC_WARN_UNINITIALIZED_AUTOS = YES_AGGRESSIVE;
				GCC_WARN_UNUSED_FUNCTION = YES;
				GCC_WARN_UNUSED_VARIABLE = YES;
				IPHONEOS_DEPLOYMENT_TARGET = 15.5;
				MTL_ENABLE_DEBUG_INFO = NO;
				MTL_FAST_MATH = YES;
				SDKROOT = iphoneos;
				SWIFT_COMPILATION_MODE = wholemodule;
				SWIFT_OPTIMIZATION_LEVEL = "-O";
				VALIDATE_PRODUCT = YES;
			};
			name = Release;
		};
		21656A9F28804A8300BFBBC4 /* Debug */ = {
			isa = XCBuildConfiguration;
			buildSettings = {
				ASSETCATALOG_COMPILER_APPICON_NAME = AppIcon;
				ASSETCATALOG_COMPILER_GLOBAL_ACCENT_COLOR_NAME = AccentColor;
				CODE_SIGN_STYLE = Automatic;
				CURRENT_PROJECT_VERSION = 1;
				DEVELOPMENT_ASSET_PATHS = "\"ClarkeEngineering/Preview Content\"";
				DEVELOPMENT_TEAM = 5USRCHCJD9;
				ENABLE_PREVIEWS = YES;
				GENERATE_INFOPLIST_FILE = YES;
				INFOPLIST_FILE = ClarkeEngineering/Info.plist;
				INFOPLIST_KEY_NSCameraUsageDescription = "The camera will be used to take pictures for the report.";
				INFOPLIST_KEY_UIApplicationSceneManifest_Generation = YES;
				INFOPLIST_KEY_UIApplicationSupportsIndirectInputEvents = YES;
				INFOPLIST_KEY_UILaunchScreen_Generation = YES;
				INFOPLIST_KEY_UISupportedInterfaceOrientations_iPad = "UIInterfaceOrientationPortrait UIInterfaceOrientationPortraitUpsideDown UIInterfaceOrientationLandscapeLeft UIInterfaceOrientationLandscapeRight";
				INFOPLIST_KEY_UISupportedInterfaceOrientations_iPhone = "UIInterfaceOrientationPortrait UIInterfaceOrientationLandscapeLeft UIInterfaceOrientationLandscapeRight";
				LD_RUNPATH_SEARCH_PATHS = (
					"$(inherited)",
					"@executable_path/Frameworks",
				);
				MARKETING_VERSION = 1.0;
				PRODUCT_BUNDLE_IDENTIFIER = org.parkaroo.ClarkeEngineering;
				PRODUCT_NAME = "$(TARGET_NAME)";
				SWIFT_EMIT_LOC_STRINGS = YES;
				SWIFT_VERSION = 5.0;
				TARGETED_DEVICE_FAMILY = "1,2";
			};
			name = Debug;
		};
		21656AA028804A8300BFBBC4 /* Release */ = {
			isa = XCBuildConfiguration;
			buildSettings = {
				ASSETCATALOG_COMPILER_APPICON_NAME = AppIcon;
				ASSETCATALOG_COMPILER_GLOBAL_ACCENT_COLOR_NAME = AccentColor;
				CODE_SIGN_STYLE = Automatic;
				CURRENT_PROJECT_VERSION = 1;
				DEVELOPMENT_ASSET_PATHS = "\"ClarkeEngineering/Preview Content\"";
				DEVELOPMENT_TEAM = 5USRCHCJD9;
				ENABLE_PREVIEWS = YES;
				GENERATE_INFOPLIST_FILE = YES;
				INFOPLIST_FILE = ClarkeEngineering/Info.plist;
				INFOPLIST_KEY_NSCameraUsageDescription = "The camera will be used to take pictures for the report.";
				INFOPLIST_KEY_UIApplicationSceneManifest_Generation = YES;
				INFOPLIST_KEY_UIApplicationSupportsIndirectInputEvents = YES;
				INFOPLIST_KEY_UILaunchScreen_Generation = YES;
				INFOPLIST_KEY_UISupportedInterfaceOrientations_iPad = "UIInterfaceOrientationPortrait UIInterfaceOrientationPortraitUpsideDown UIInterfaceOrientationLandscapeLeft UIInterfaceOrientationLandscapeRight";
				INFOPLIST_KEY_UISupportedInterfaceOrientations_iPhone = "UIInterfaceOrientationPortrait UIInterfaceOrientationLandscapeLeft UIInterfaceOrientationLandscapeRight";
				LD_RUNPATH_SEARCH_PATHS = (
					"$(inherited)",
					"@executable_path/Frameworks",
				);
				MARKETING_VERSION = 1.0;
				PRODUCT_BUNDLE_IDENTIFIER = org.parkaroo.ClarkeEngineering;
				PRODUCT_NAME = "$(TARGET_NAME)";
				SWIFT_EMIT_LOC_STRINGS = YES;
				SWIFT_VERSION = 5.0;
				TARGETED_DEVICE_FAMILY = "1,2";
			};
			name = Release;
		};
/* End XCBuildConfiguration section */

/* Begin XCConfigurationList section */
		21656A8B28804A8100BFBBC4 /* Build configuration list for PBXProject "ClarkeEngineering" */ = {
			isa = XCConfigurationList;
			buildConfigurations = (
				21656A9C28804A8300BFBBC4 /* Debug */,
				21656A9D28804A8300BFBBC4 /* Release */,
			);
			defaultConfigurationIsVisible = 0;
			defaultConfigurationName = Release;
		};
		21656A9E28804A8300BFBBC4 /* Build configuration list for PBXNativeTarget "ClarkeEngineering" */ = {
			isa = XCConfigurationList;
			buildConfigurations = (
				21656A9F28804A8300BFBBC4 /* Debug */,
				21656AA028804A8300BFBBC4 /* Release */,
			);
			defaultConfigurationIsVisible = 0;
			defaultConfigurationName = Release;
		};
/* End XCConfigurationList section */
	};
	rootObject = 21656A8828804A8100BFBBC4 /* Project object */;
}
